// !$*UTF8*$!
{
	archiveVersion = 1;
	classes = {
	};
	objectVersion = 51;
	objects = {

/* Begin PBXBuildFile section */
		5A8777CC5E2B0693641E2B7E /* Pods_Parstagram_ParstagramUITests.framework in Frameworks */ = {isa = PBXBuildFile; fileRef = 303AAD4A8FE4B98F3A8A5F20 /* Pods_Parstagram_ParstagramUITests.framework */; };
		B764A83B23FCD7840045DF34 /* LoginViewController.swift in Sources */ = {isa = PBXBuildFile; fileRef = B764A83A23FCD7840045DF34 /* LoginViewController.swift */; };
		B764A83D23FCD7B40045DF34 /* FeedViewController.swift in Sources */ = {isa = PBXBuildFile; fileRef = B764A83C23FCD7B40045DF34 /* FeedViewController.swift */; };
		B764A83F23FCE3F90045DF34 /* CameraViewController.swift in Sources */ = {isa = PBXBuildFile; fileRef = B764A83E23FCE3F90045DF34 /* CameraViewController.swift */; };
		B764A84123FCF7AB0045DF34 /* PostCell.swift in Sources */ = {isa = PBXBuildFile; fileRef = B764A84023FCF7AB0045DF34 /* PostCell.swift */; };
		B7D7851823FCC85700438130 /* AppDelegate.swift in Sources */ = {isa = PBXBuildFile; fileRef = B7D7851723FCC85700438130 /* AppDelegate.swift */; };
		B7D7851A23FCC85700438130 /* SceneDelegate.swift in Sources */ = {isa = PBXBuildFile; fileRef = B7D7851923FCC85700438130 /* SceneDelegate.swift */; };
		B7D7851F23FCC85700438130 /* Main.storyboard in Resources */ = {isa = PBXBuildFile; fileRef = B7D7851D23FCC85700438130 /* Main.storyboard */; };
		B7D7852123FCC85900438130 /* Assets.xcassets in Resources */ = {isa = PBXBuildFile; fileRef = B7D7852023FCC85900438130 /* Assets.xcassets */; };
		B7D7852423FCC85900438130 /* LaunchScreen.storyboard in Resources */ = {isa = PBXBuildFile; fileRef = B7D7852223FCC85900438130 /* LaunchScreen.storyboard */; };
		B7D7852F23FCC85900438130 /* ParstagramTests.swift in Sources */ = {isa = PBXBuildFile; fileRef = B7D7852E23FCC85900438130 /* ParstagramTests.swift */; };
		B7D7853A23FCC85900438130 /* ParstagramUITests.swift in Sources */ = {isa = PBXBuildFile; fileRef = B7D7853923FCC85900438130 /* ParstagramUITests.swift */; };
		DBA9920A8D99B6B6D80B5AF1 /* Pods_Parstagram.framework in Frameworks */ = {isa = PBXBuildFile; fileRef = E60CDB622860B9FFA4DB5EE8 /* Pods_Parstagram.framework */; };
		FA748B217DE70327EEB379E0 /* Pods_ParstagramTests.framework in Frameworks */ = {isa = PBXBuildFile; fileRef = DAE8628C63688915A2BE2181 /* Pods_ParstagramTests.framework */; };
/* End PBXBuildFile section */

/* Begin PBXContainerItemProxy section */
		B7D7852B23FCC85900438130 /* PBXContainerItemProxy */ = {
			isa = PBXContainerItemProxy;
			containerPortal = B7D7850C23FCC85700438130 /* Project object */;
			proxyType = 1;
			remoteGlobalIDString = B7D7851323FCC85700438130;
			remoteInfo = Parstagram;
		};
		B7D7853623FCC85900438130 /* PBXContainerItemProxy */ = {
			isa = PBXContainerItemProxy;
			containerPortal = B7D7850C23FCC85700438130 /* Project object */;
			proxyType = 1;
			remoteGlobalIDString = B7D7851323FCC85700438130;
			remoteInfo = Parstagram;
		};
/* End PBXContainerItemProxy section */

/* Begin PBXFileReference section */
		303AAD4A8FE4B98F3A8A5F20 /* Pods_Parstagram_ParstagramUITests.framework */ = {isa = PBXFileReference; explicitFileType = wrapper.framework; includeInIndex = 0; path = Pods_Parstagram_ParstagramUITests.framework; sourceTree = BUILT_PRODUCTS_DIR; };
		5289EF59B5A04B23C23C64EF /* Pods-Parstagram-ParstagramUITests.debug.xcconfig */ = {isa = PBXFileReference; includeInIndex = 1; lastKnownFileType = text.xcconfig; name = "Pods-Parstagram-ParstagramUITests.debug.xcconfig"; path = "Target Support Files/Pods-Parstagram-ParstagramUITests/Pods-Parstagram-ParstagramUITests.debug.xcconfig"; sourceTree = "<group>"; };
		5BEFAA374846EA1AAC6B62A6 /* Pods-Parstagram-ParstagramUITests.release.xcconfig */ = {isa = PBXFileReference; includeInIndex = 1; lastKnownFileType = text.xcconfig; name = "Pods-Parstagram-ParstagramUITests.release.xcconfig"; path = "Target Support Files/Pods-Parstagram-ParstagramUITests/Pods-Parstagram-ParstagramUITests.release.xcconfig"; sourceTree = "<group>"; };
		9778B668D78715B1F40A292A /* Pods-Parstagram.release.xcconfig */ = {isa = PBXFileReference; includeInIndex = 1; lastKnownFileType = text.xcconfig; name = "Pods-Parstagram.release.xcconfig"; path = "Target Support Files/Pods-Parstagram/Pods-Parstagram.release.xcconfig"; sourceTree = "<group>"; };
		99D1ABC6A312CFB1A22D0A21 /* Pods-ParstagramTests.release.xcconfig */ = {isa = PBXFileReference; includeInIndex = 1; lastKnownFileType = text.xcconfig; name = "Pods-ParstagramTests.release.xcconfig"; path = "Target Support Files/Pods-ParstagramTests/Pods-ParstagramTests.release.xcconfig"; sourceTree = "<group>"; };
		B0A1E3CC9F830BD32D76102D /* Pods-ParstagramTests.debug.xcconfig */ = {isa = PBXFileReference; includeInIndex = 1; lastKnownFileType = text.xcconfig; name = "Pods-ParstagramTests.debug.xcconfig"; path = "Target Support Files/Pods-ParstagramTests/Pods-ParstagramTests.debug.xcconfig"; sourceTree = "<group>"; };
		B764A83A23FCD7840045DF34 /* LoginViewController.swift */ = {isa = PBXFileReference; lastKnownFileType = sourcecode.swift; path = LoginViewController.swift; sourceTree = "<group>"; };
		B764A83C23FCD7B40045DF34 /* FeedViewController.swift */ = {isa = PBXFileReference; lastKnownFileType = sourcecode.swift; path = FeedViewController.swift; sourceTree = "<group>"; };
		B764A83E23FCE3F90045DF34 /* CameraViewController.swift */ = {isa = PBXFileReference; lastKnownFileType = sourcecode.swift; path = CameraViewController.swift; sourceTree = "<group>"; };
		B764A84023FCF7AB0045DF34 /* PostCell.swift */ = {isa = PBXFileReference; lastKnownFileType = sourcecode.swift; path = PostCell.swift; sourceTree = "<group>"; };
		B7D7851423FCC85700438130 /* Parstagram.app */ = {isa = PBXFileReference; explicitFileType = wrapper.application; includeInIndex = 0; path = Parstagram.app; sourceTree = BUILT_PRODUCTS_DIR; };
		B7D7851723FCC85700438130 /* AppDelegate.swift */ = {isa = PBXFileReference; lastKnownFileType = sourcecode.swift; path = AppDelegate.swift; sourceTree = "<group>"; };
		B7D7851923FCC85700438130 /* SceneDelegate.swift */ = {isa = PBXFileReference; lastKnownFileType = sourcecode.swift; path = SceneDelegate.swift; sourceTree = "<group>"; };
		B7D7851E23FCC85700438130 /* Base */ = {isa = PBXFileReference; lastKnownFileType = file.storyboard; name = Base; path = Base.lproj/Main.storyboard; sourceTree = "<group>"; };
		B7D7852023FCC85900438130 /* Assets.xcassets */ = {isa = PBXFileReference; lastKnownFileType = folder.assetcatalog; path = Assets.xcassets; sourceTree = "<group>"; };
		B7D7852323FCC85900438130 /* Base */ = {isa = PBXFileReference; lastKnownFileType = file.storyboard; name = Base; path = Base.lproj/LaunchScreen.storyboard; sourceTree = "<group>"; };
		B7D7852523FCC85900438130 /* Info.plist */ = {isa = PBXFileReference; lastKnownFileType = text.plist.xml; path = Info.plist; sourceTree = "<group>"; };
		B7D7852A23FCC85900438130 /* ParstagramTests.xctest */ = {isa = PBXFileReference; explicitFileType = wrapper.cfbundle; includeInIndex = 0; path = ParstagramTests.xctest; sourceTree = BUILT_PRODUCTS_DIR; };
		B7D7852E23FCC85900438130 /* ParstagramTests.swift */ = {isa = PBXFileReference; lastKnownFileType = sourcecode.swift; path = ParstagramTests.swift; sourceTree = "<group>"; };
		B7D7853023FCC85900438130 /* Info.plist */ = {isa = PBXFileReference; lastKnownFileType = text.plist.xml; path = Info.plist; sourceTree = "<group>"; };
		B7D7853523FCC85900438130 /* ParstagramUITests.xctest */ = {isa = PBXFileReference; explicitFileType = wrapper.cfbundle; includeInIndex = 0; path = ParstagramUITests.xctest; sourceTree = BUILT_PRODUCTS_DIR; };
		B7D7853923FCC85900438130 /* ParstagramUITests.swift */ = {isa = PBXFileReference; lastKnownFileType = sourcecode.swift; path = ParstagramUITests.swift; sourceTree = "<group>"; };
		B7D7853B23FCC85900438130 /* Info.plist */ = {isa = PBXFileReference; lastKnownFileType = text.plist.xml; path = Info.plist; sourceTree = "<group>"; };
		DAE8628C63688915A2BE2181 /* Pods_ParstagramTests.framework */ = {isa = PBXFileReference; explicitFileType = wrapper.framework; includeInIndex = 0; path = Pods_ParstagramTests.framework; sourceTree = BUILT_PRODUCTS_DIR; };
		DAF39AEB67F0C2A229032BE6 /* Pods-Parstagram.debug.xcconfig */ = {isa = PBXFileReference; includeInIndex = 1; lastKnownFileType = text.xcconfig; name = "Pods-Parstagram.debug.xcconfig"; path = "Target Support Files/Pods-Parstagram/Pods-Parstagram.debug.xcconfig"; sourceTree = "<group>"; };
		E60CDB622860B9FFA4DB5EE8 /* Pods_Parstagram.framework */ = {isa = PBXFileReference; explicitFileType = wrapper.framework; includeInIndex = 0; path = Pods_Parstagram.framework; sourceTree = BUILT_PRODUCTS_DIR; };
/* End PBXFileReference section */

/* Begin PBXFrameworksBuildPhase section */
		B7D7851123FCC85700438130 /* Frameworks */ = {
			isa = PBXFrameworksBuildPhase;
			buildActionMask = 2147483647;
			files = (
				DBA9920A8D99B6B6D80B5AF1 /* Pods_Parstagram.framework in Frameworks */,
			);
			runOnlyForDeploymentPostprocessing = 0;
		};
		B7D7852723FCC85900438130 /* Frameworks */ = {
			isa = PBXFrameworksBuildPhase;
			buildActionMask = 2147483647;
			files = (
				FA748B217DE70327EEB379E0 /* Pods_ParstagramTests.framework in Frameworks */,
			);
			runOnlyForDeploymentPostprocessing = 0;
		};
		B7D7853223FCC85900438130 /* Frameworks */ = {
			isa = PBXFrameworksBuildPhase;
			buildActionMask = 2147483647;
			files = (
				5A8777CC5E2B0693641E2B7E /* Pods_Parstagram_ParstagramUITests.framework in Frameworks */,
			);
			runOnlyForDeploymentPostprocessing = 0;
		};
/* End PBXFrameworksBuildPhase section */

/* Begin PBXGroup section */
		161D10FBE747B6CCDBE8DEF7 /* Frameworks */ = {
			isa = PBXGroup;
			children = (
				E60CDB622860B9FFA4DB5EE8 /* Pods_Parstagram.framework */,
				303AAD4A8FE4B98F3A8A5F20 /* Pods_Parstagram_ParstagramUITests.framework */,
				DAE8628C63688915A2BE2181 /* Pods_ParstagramTests.framework */,
			);
			name = Frameworks;
			sourceTree = "<group>";
		};
		1CCEAB9C0D1F00DE98ADEE3C /* Pods */ = {
			isa = PBXGroup;
			children = (
				DAF39AEB67F0C2A229032BE6 /* Pods-Parstagram.debug.xcconfig */,
				9778B668D78715B1F40A292A /* Pods-Parstagram.release.xcconfig */,
				5289EF59B5A04B23C23C64EF /* Pods-Parstagram-ParstagramUITests.debug.xcconfig */,
				5BEFAA374846EA1AAC6B62A6 /* Pods-Parstagram-ParstagramUITests.release.xcconfig */,
				B0A1E3CC9F830BD32D76102D /* Pods-ParstagramTests.debug.xcconfig */,
				99D1ABC6A312CFB1A22D0A21 /* Pods-ParstagramTests.release.xcconfig */,
			);
			path = Pods;
			sourceTree = "<group>";
		};
		B7D7850B23FCC85700438130 = {
			isa = PBXGroup;
			children = (
				B7D7851623FCC85700438130 /* Parstagram */,
				B7D7852D23FCC85900438130 /* ParstagramTests */,
				B7D7853823FCC85900438130 /* ParstagramUITests */,
				B7D7851523FCC85700438130 /* Products */,
				1CCEAB9C0D1F00DE98ADEE3C /* Pods */,
				161D10FBE747B6CCDBE8DEF7 /* Frameworks */,
			);
			sourceTree = "<group>";
		};
		B7D7851523FCC85700438130 /* Products */ = {
			isa = PBXGroup;
			children = (
				B7D7851423FCC85700438130 /* Parstagram.app */,
				B7D7852A23FCC85900438130 /* ParstagramTests.xctest */,
				B7D7853523FCC85900438130 /* ParstagramUITests.xctest */,
			);
			name = Products;
			sourceTree = "<group>";
		};
		B7D7851623FCC85700438130 /* Parstagram */ = {
			isa = PBXGroup;
			children = (
				B7D7851723FCC85700438130 /* AppDelegate.swift */,
				B7D7851923FCC85700438130 /* SceneDelegate.swift */,
				B7D7851D23FCC85700438130 /* Main.storyboard */,
				B7D7852023FCC85900438130 /* Assets.xcassets */,
				B7D7852223FCC85900438130 /* LaunchScreen.storyboard */,
				B7D7852523FCC85900438130 /* Info.plist */,
				B764A83A23FCD7840045DF34 /* LoginViewController.swift */,
				B764A83C23FCD7B40045DF34 /* FeedViewController.swift */,
				B764A83E23FCE3F90045DF34 /* CameraViewController.swift */,
				B764A84023FCF7AB0045DF34 /* PostCell.swift */,
			);
			path = Parstagram;
			sourceTree = "<group>";
		};
		B7D7852D23FCC85900438130 /* ParstagramTests */ = {
			isa = PBXGroup;
			children = (
				B7D7852E23FCC85900438130 /* ParstagramTests.swift */,
				B7D7853023FCC85900438130 /* Info.plist */,
			);
			path = ParstagramTests;
			sourceTree = "<group>";
		};
		B7D7853823FCC85900438130 /* ParstagramUITests */ = {
			isa = PBXGroup;
			children = (
				B7D7853923FCC85900438130 /* ParstagramUITests.swift */,
				B7D7853B23FCC85900438130 /* Info.plist */,
			);
			path = ParstagramUITests;
			sourceTree = "<group>";
		};
/* End PBXGroup section */

/* Begin PBXNativeTarget section */
		B7D7851323FCC85700438130 /* Parstagram */ = {
			isa = PBXNativeTarget;
			buildConfigurationList = B7D7853E23FCC85900438130 /* Build configuration list for PBXNativeTarget "Parstagram" */;
			buildPhases = (
				153D0B51A77AFF68575A5D57 /* [CP] Check Pods Manifest.lock */,
				B7D7851023FCC85700438130 /* Sources */,
				B7D7851123FCC85700438130 /* Frameworks */,
				B7D7851223FCC85700438130 /* Resources */,
				812CBF745B75EAFF60645DFE /* [CP] Embed Pods Frameworks */,
			);
			buildRules = (
			);
			dependencies = (
			);
			name = Parstagram;
			productName = Parstagram;
			productReference = B7D7851423FCC85700438130 /* Parstagram.app */;
			productType = "com.apple.product-type.application";
		};
		B7D7852923FCC85900438130 /* ParstagramTests */ = {
			isa = PBXNativeTarget;
			buildConfigurationList = B7D7854123FCC85900438130 /* Build configuration list for PBXNativeTarget "ParstagramTests" */;
			buildPhases = (
				061FB7FA60C64FD0B94FB690 /* [CP] Check Pods Manifest.lock */,
				B7D7852623FCC85900438130 /* Sources */,
				B7D7852723FCC85900438130 /* Frameworks */,
				B7D7852823FCC85900438130 /* Resources */,
			);
			buildRules = (
			);
			dependencies = (
				B7D7852C23FCC85900438130 /* PBXTargetDependency */,
			);
			name = ParstagramTests;
			productName = ParstagramTests;
			productReference = B7D7852A23FCC85900438130 /* ParstagramTests.xctest */;
			productType = "com.apple.product-type.bundle.unit-test";
		};
		B7D7853423FCC85900438130 /* ParstagramUITests */ = {
			isa = PBXNativeTarget;
			buildConfigurationList = B7D7854423FCC85900438130 /* Build configuration list for PBXNativeTarget "ParstagramUITests" */;
			buildPhases = (
				2D460777741F045B234E8C09 /* [CP] Check Pods Manifest.lock */,
				B7D7853123FCC85900438130 /* Sources */,
				B7D7853223FCC85900438130 /* Frameworks */,
				B7D7853323FCC85900438130 /* Resources */,
				513B99646CC7DCE5CCB5D8A4 /* [CP] Embed Pods Frameworks */,
			);
			buildRules = (
			);
			dependencies = (
				B7D7853723FCC85900438130 /* PBXTargetDependency */,
			);
			name = ParstagramUITests;
			productName = ParstagramUITests;
			productReference = B7D7853523FCC85900438130 /* ParstagramUITests.xctest */;
			productType = "com.apple.product-type.bundle.ui-testing";
		};
/* End PBXNativeTarget section */

/* Begin PBXProject section */
		B7D7850C23FCC85700438130 /* Project object */ = {
			isa = PBXProject;
			attributes = {
				LastSwiftUpdateCheck = 1130;
				LastUpgradeCheck = 1130;
				ORGANIZATIONNAME = "Can D. Nguyen";
				TargetAttributes = {
					B7D7851323FCC85700438130 = {
						CreatedOnToolsVersion = 11.3.1;
					};
					B7D7852923FCC85900438130 = {
						CreatedOnToolsVersion = 11.3.1;
						TestTargetID = B7D7851323FCC85700438130;
					};
					B7D7853423FCC85900438130 = {
						CreatedOnToolsVersion = 11.3.1;
						TestTargetID = B7D7851323FCC85700438130;
					};
				};
			};
			buildConfigurationList = B7D7850F23FCC85700438130 /* Build configuration list for PBXProject "Parstagram" */;
			compatibilityVersion = "Xcode 9.3";
			developmentRegion = en;
			hasScannedForEncodings = 0;
			knownRegions = (
				en,
				Base,
			);
			mainGroup = B7D7850B23FCC85700438130;
			productRefGroup = B7D7851523FCC85700438130 /* Products */;
			projectDirPath = "";
			projectRoot = "";
			targets = (
				B7D7851323FCC85700438130 /* Parstagram */,
				B7D7852923FCC85900438130 /* ParstagramTests */,
				B7D7853423FCC85900438130 /* ParstagramUITests */,
			);
		};
/* End PBXProject section */

/* Begin PBXResourcesBuildPhase section */
		B7D7851223FCC85700438130 /* Resources */ = {
			isa = PBXResourcesBuildPhase;
			buildActionMask = 2147483647;
			files = (
				B7D7852423FCC85900438130 /* LaunchScreen.storyboard in Resources */,
				B7D7852123FCC85900438130 /* Assets.xcassets in Resources */,
				B7D7851F23FCC85700438130 /* Main.storyboard in Resources */,
			);
			runOnlyForDeploymentPostprocessing = 0;
		};
		B7D7852823FCC85900438130 /* Resources */ = {
			isa = PBXResourcesBuildPhase;
			buildActionMask = 2147483647;
			files = (
			);
			runOnlyForDeploymentPostprocessing = 0;
		};
		B7D7853323FCC85900438130 /* Resources */ = {
			isa = PBXResourcesBuildPhase;
			buildActionMask = 2147483647;
			files = (
			);
			runOnlyForDeploymentPostprocessing = 0;
		};
/* End PBXResourcesBuildPhase section */

/* Begin PBXShellScriptBuildPhase section */
		061FB7FA60C64FD0B94FB690 /* [CP] Check Pods Manifest.lock */ = {
			isa = PBXShellScriptBuildPhase;
			buildActionMask = 2147483647;
			files = (
			);
			inputFileListPaths = (
			);
			inputPaths = (
				"${PODS_PODFILE_DIR_PATH}/Podfile.lock",
				"${PODS_ROOT}/Manifest.lock",
			);
			name = "[CP] Check Pods Manifest.lock";
			outputFileListPaths = (
			);
			outputPaths = (
				"$(DERIVED_FILE_DIR)/Pods-ParstagramTests-checkManifestLockResult.txt",
			);
			runOnlyForDeploymentPostprocessing = 0;
			shellPath = /bin/sh;
			shellScript = "diff \"${PODS_PODFILE_DIR_PATH}/Podfile.lock\" \"${PODS_ROOT}/Manifest.lock\" > /dev/null\nif [ $? != 0 ] ; then\n    # print error to STDERR\n    echo \"error: The sandbox is not in sync with the Podfile.lock. Run 'pod install' or update your CocoaPods installation.\" >&2\n    exit 1\nfi\n# This output is used by Xcode 'outputs' to avoid re-running this script phase.\necho \"SUCCESS\" > \"${SCRIPT_OUTPUT_FILE_0}\"\n";
			showEnvVarsInLog = 0;
		};
		153D0B51A77AFF68575A5D57 /* [CP] Check Pods Manifest.lock */ = {
			isa = PBXShellScriptBuildPhase;
			buildActionMask = 2147483647;
			files = (
			);
			inputFileListPaths = (
			);
			inputPaths = (
				"${PODS_PODFILE_DIR_PATH}/Podfile.lock",
				"${PODS_ROOT}/Manifest.lock",
			);
			name = "[CP] Check Pods Manifest.lock";
			outputFileListPaths = (
			);
			outputPaths = (
				"$(DERIVED_FILE_DIR)/Pods-Parstagram-checkManifestLockResult.txt",
			);
			runOnlyForDeploymentPostprocessing = 0;
			shellPath = /bin/sh;
			shellScript = "diff \"${PODS_PODFILE_DIR_PATH}/Podfile.lock\" \"${PODS_ROOT}/Manifest.lock\" > /dev/null\nif [ $? != 0 ] ; then\n    # print error to STDERR\n    echo \"error: The sandbox is not in sync with the Podfile.lock. Run 'pod install' or update your CocoaPods installation.\" >&2\n    exit 1\nfi\n# This output is used by Xcode 'outputs' to avoid re-running this script phase.\necho \"SUCCESS\" > \"${SCRIPT_OUTPUT_FILE_0}\"\n";
			showEnvVarsInLog = 0;
		};
		2D460777741F045B234E8C09 /* [CP] Check Pods Manifest.lock */ = {
			isa = PBXShellScriptBuildPhase;
			buildActionMask = 2147483647;
			files = (
			);
			inputFileListPaths = (
			);
			inputPaths = (
				"${PODS_PODFILE_DIR_PATH}/Podfile.lock",
				"${PODS_ROOT}/Manifest.lock",
			);
			name = "[CP] Check Pods Manifest.lock";
			outputFileListPaths = (
			);
			outputPaths = (
				"$(DERIVED_FILE_DIR)/Pods-Parstagram-ParstagramUITests-checkManifestLockResult.txt",
			);
			runOnlyForDeploymentPostprocessing = 0;
			shellPath = /bin/sh;
			shellScript = "diff \"${PODS_PODFILE_DIR_PATH}/Podfile.lock\" \"${PODS_ROOT}/Manifest.lock\" > /dev/null\nif [ $? != 0 ] ; then\n    # print error to STDERR\n    echo \"error: The sandbox is not in sync with the Podfile.lock. Run 'pod install' or update your CocoaPods installation.\" >&2\n    exit 1\nfi\n# This output is used by Xcode 'outputs' to avoid re-running this script phase.\necho \"SUCCESS\" > \"${SCRIPT_OUTPUT_FILE_0}\"\n";
			showEnvVarsInLog = 0;
		};
		513B99646CC7DCE5CCB5D8A4 /* [CP] Embed Pods Frameworks */ = {
			isa = PBXShellScriptBuildPhase;
			buildActionMask = 2147483647;
			files = (
			);
			inputFileListPaths = (
				"${PODS_ROOT}/Target Support Files/Pods-Parstagram-ParstagramUITests/Pods-Parstagram-ParstagramUITests-frameworks-${CONFIGURATION}-input-files.xcfilelist",
			);
			name = "[CP] Embed Pods Frameworks";
			outputFileListPaths = (
				"${PODS_ROOT}/Target Support Files/Pods-Parstagram-ParstagramUITests/Pods-Parstagram-ParstagramUITests-frameworks-${CONFIGURATION}-output-files.xcfilelist",
			);
			runOnlyForDeploymentPostprocessing = 0;
			shellPath = /bin/sh;
			shellScript = "\"${PODS_ROOT}/Target Support Files/Pods-Parstagram-ParstagramUITests/Pods-Parstagram-ParstagramUITests-frameworks.sh\"\n";
			showEnvVarsInLog = 0;
		};
		812CBF745B75EAFF60645DFE /* [CP] Embed Pods Frameworks */ = {
			isa = PBXShellScriptBuildPhase;
			buildActionMask = 2147483647;
			files = (
			);
			inputFileListPaths = (
				"${PODS_ROOT}/Target Support Files/Pods-Parstagram/Pods-Parstagram-frameworks-${CONFIGURATION}-input-files.xcfilelist",
			);
			name = "[CP] Embed Pods Frameworks";
			outputFileListPaths = (
				"${PODS_ROOT}/Target Support Files/Pods-Parstagram/Pods-Parstagram-frameworks-${CONFIGURATION}-output-files.xcfilelist",
			);
			runOnlyForDeploymentPostprocessing = 0;
			shellPath = /bin/sh;
			shellScript = "\"${PODS_ROOT}/Target Support Files/Pods-Parstagram/Pods-Parstagram-frameworks.sh\"\n";
			showEnvVarsInLog = 0;
		};
/* End PBXShellScriptBuildPhase section */

/* Begin PBXSourcesBuildPhase section */
		B7D7851023FCC85700438130 /* Sources */ = {
			isa = PBXSourcesBuildPhase;
			buildActionMask = 2147483647;
			files = (
				B764A83B23FCD7840045DF34 /* LoginViewController.swift in Sources */,
				B764A83F23FCE3F90045DF34 /* CameraViewController.swift in Sources */,
				B7D7851823FCC85700438130 /* AppDelegate.swift in Sources */,
				B764A83D23FCD7B40045DF34 /* FeedViewController.swift in Sources */,
				B7D7851A23FCC85700438130 /* SceneDelegate.swift in Sources */,
				B764A84123FCF7AB0045DF34 /* PostCell.swift in Sources */,
			);
			runOnlyForDeploymentPostprocessing = 0;
		};
		B7D7852623FCC85900438130 /* Sources */ = {
			isa = PBXSourcesBuildPhase;
			buildActionMask = 2147483647;
			files = (
				B7D7852F23FCC85900438130 /* ParstagramTests.swift in Sources */,
			);
			runOnlyForDeploymentPostprocessing = 0;
		};
		B7D7853123FCC85900438130 /* Sources */ = {
			isa = PBXSourcesBuildPhase;
			buildActionMask = 2147483647;
			files = (
				B7D7853A23FCC85900438130 /* ParstagramUITests.swift in Sources */,
			);
			runOnlyForDeploymentPostprocessing = 0;
		};
/* End PBXSourcesBuildPhase section */

/* Begin PBXTargetDependency section */
		B7D7852C23FCC85900438130 /* PBXTargetDependency */ = {
			isa = PBXTargetDependency;
			target = B7D7851323FCC85700438130 /* Parstagram */;
			targetProxy = B7D7852B23FCC85900438130 /* PBXContainerItemProxy */;
		};
		B7D7853723FCC85900438130 /* PBXTargetDependency */ = {
			isa = PBXTargetDependency;
			target = B7D7851323FCC85700438130 /* Parstagram */;
			targetProxy = B7D7853623FCC85900438130 /* PBXContainerItemProxy */;
		};
/* End PBXTargetDependency section */

/* Begin PBXVariantGroup section */
		B7D7851D23FCC85700438130 /* Main.storyboard */ = {
			isa = PBXVariantGroup;
			children = (
				B7D7851E23FCC85700438130 /* Base */,
			);
			name = Main.storyboard;
			sourceTree = "<group>";
		};
		B7D7852223FCC85900438130 /* LaunchScreen.storyboard */ = {
			isa = PBXVariantGroup;
			children = (
				B7D7852323FCC85900438130 /* Base */,
			);
			name = LaunchScreen.storyboard;
			sourceTree = "<group>";
		};
/* End PBXVariantGroup section */

/* Begin XCBuildConfiguration section */
		B7D7853C23FCC85900438130 /* Debug */ = {
			isa = XCBuildConfiguration;
			buildSettings = {
				ALWAYS_SEARCH_USER_PATHS = NO;
				CLANG_ANALYZER_NONNULL = YES;
				CLANG_ANALYZER_NUMBER_OBJECT_CONVERSION = YES_AGGRESSIVE;
				CLANG_CXX_LANGUAGE_STANDARD = "gnu++14";
				CLANG_CXX_LIBRARY = "libc++";
				CLANG_ENABLE_MODULES = YES;
				CLANG_ENABLE_OBJC_ARC = YES;
				CLANG_ENABLE_OBJC_WEAK = YES;
				CLANG_WARN_BLOCK_CAPTURE_AUTORELEASING = YES;
				CLANG_WARN_BOOL_CONVERSION = YES;
				CLANG_WARN_COMMA = YES;
				CLANG_WARN_CONSTANT_CONVERSION = YES;
				CLANG_WARN_DEPRECATED_OBJC_IMPLEMENTATIONS = YES;
				CLANG_WARN_DIRECT_OBJC_ISA_USAGE = YES_ERROR;
				CLANG_WARN_DOCUMENTATION_COMMENTS = YES;
				CLANG_WARN_EMPTY_BODY = YES;
				CLANG_WARN_ENUM_CONVERSION = YES;
				CLANG_WARN_INFINITE_RECURSION = YES;
				CLANG_WARN_INT_CONVERSION = YES;
				CLANG_WARN_NON_LITERAL_NULL_CONVERSION = YES;
				CLANG_WARN_OBJC_IMPLICIT_RETAIN_SELF = YES;
				CLANG_WARN_OBJC_LITERAL_CONVERSION = YES;
				CLANG_WARN_OBJC_ROOT_CLASS = YES_ERROR;
				CLANG_WARN_RANGE_LOOP_ANALYSIS = YES;
				CLANG_WARN_STRICT_PROTOTYPES = YES;
				CLANG_WARN_SUSPICIOUS_MOVE = YES;
				CLANG_WARN_UNGUARDED_AVAILABILITY = YES_AGGRESSIVE;
				CLANG_WARN_UNREACHABLE_CODE = YES;
				CLANG_WARN__DUPLICATE_METHOD_MATCH = YES;
				COPY_PHASE_STRIP = NO;
				DEBUG_INFORMATION_FORMAT = dwarf;
				ENABLE_STRICT_OBJC_MSGSEND = YES;
				ENABLE_TESTABILITY = YES;
				GCC_C_LANGUAGE_STANDARD = gnu11;
				GCC_DYNAMIC_NO_PIC = NO;
				GCC_NO_COMMON_BLOCKS = YES;
				GCC_OPTIMIZATION_LEVEL = 0;
				GCC_PREPROCESSOR_DEFINITIONS = (
					"DEBUG=1",
					"$(inherited)",
				);
				GCC_WARN_64_TO_32_BIT_CONVERSION = YES;
				GCC_WARN_ABOUT_RETURN_TYPE = YES_ERROR;
				GCC_WARN_UNDECLARED_SELECTOR = YES;
				GCC_WARN_UNINITIALIZED_AUTOS = YES_AGGRESSIVE;
				GCC_WARN_UNUSED_FUNCTION = YES;
				GCC_WARN_UNUSED_VARIABLE = YES;
				IPHONEOS_DEPLOYMENT_TARGET = 13.2;
				MTL_ENABLE_DEBUG_INFO = INCLUDE_SOURCE;
				MTL_FAST_MATH = YES;
				ONLY_ACTIVE_ARCH = YES;
				SDKROOT = iphoneos;
				SWIFT_ACTIVE_COMPILATION_CONDITIONS = DEBUG;
				SWIFT_OPTIMIZATION_LEVEL = "-Onone";
			};
			name = Debug;
		};
		B7D7853D23FCC85900438130 /* Release */ = {
			isa = XCBuildConfiguration;
			buildSettings = {
				ALWAYS_SEARCH_USER_PATHS = NO;
				CLANG_ANALYZER_NONNULL = YES;
				CLANG_ANALYZER_NUMBER_OBJECT_CONVERSION = YES_AGGRESSIVE;
				CLANG_CXX_LANGUAGE_STANDARD = "gnu++14";
				CLANG_CXX_LIBRARY = "libc++";
				CLANG_ENABLE_MODULES = YES;
				CLANG_ENABLE_OBJC_ARC = YES;
				CLANG_ENABLE_OBJC_WEAK = YES;
				CLANG_WARN_BLOCK_CAPTURE_AUTORELEASING = YES;
				CLANG_WARN_BOOL_CONVERSION = YES;
				CLANG_WARN_COMMA = YES;
				CLANG_WARN_CONSTANT_CONVERSION = YES;
				CLANG_WARN_DEPRECATED_OBJC_IMPLEMENTATIONS = YES;
				CLANG_WARN_DIRECT_OBJC_ISA_USAGE = YES_ERROR;
				CLANG_WARN_DOCUMENTATION_COMMENTS = YES;
				CLANG_WARN_EMPTY_BODY = YES;
				CLANG_WARN_ENUM_CONVERSION = YES;
				CLANG_WARN_INFINITE_RECURSION = YES;
				CLANG_WARN_INT_CONVERSION = YES;
				CLANG_WARN_NON_LITERAL_NULL_CONVERSION = YES;
				CLANG_WARN_OBJC_IMPLICIT_RETAIN_SELF = YES;
				CLANG_WARN_OBJC_LITERAL_CONVERSION = YES;
				CLANG_WARN_OBJC_ROOT_CLASS = YES_ERROR;
				CLANG_WARN_RANGE_LOOP_ANALYSIS = YES;
				CLANG_WARN_STRICT_PROTOTYPES = YES;
				CLANG_WARN_SUSPICIOUS_MOVE = YES;
				CLANG_WARN_UNGUARDED_AVAILABILITY = YES_AGGRESSIVE;
				CLANG_WARN_UNREACHABLE_CODE = YES;
				CLANG_WARN__DUPLICATE_METHOD_MATCH = YES;
				COPY_PHASE_STRIP = NO;
				DEBUG_INFORMATION_FORMAT = "dwarf-with-dsym";
				ENABLE_NS_ASSERTIONS = NO;
				ENABLE_STRICT_OBJC_MSGSEND = YES;
				GCC_C_LANGUAGE_STANDARD = gnu11;
				GCC_NO_COMMON_BLOCKS = YES;
				GCC_WARN_64_TO_32_BIT_CONVERSION = YES;
				GCC_WARN_ABOUT_RETURN_TYPE = YES_ERROR;
				GCC_WARN_UNDECLARED_SELECTOR = YES;
				GCC_WARN_UNINITIALIZED_AUTOS = YES_AGGRESSIVE;
				GCC_WARN_UNUSED_FUNCTION = YES;
				GCC_WARN_UNUSED_VARIABLE = YES;
				IPHONEOS_DEPLOYMENT_TARGET = 13.2;
				MTL_ENABLE_DEBUG_INFO = NO;
				MTL_FAST_MATH = YES;
				SDKROOT = iphoneos;
				SWIFT_COMPILATION_MODE = wholemodule;
				SWIFT_OPTIMIZATION_LEVEL = "-O";
				VALIDATE_PRODUCT = YES;
			};
			name = Release;
		};
		B7D7853F23FCC85900438130 /* Debug */ = {
			isa = XCBuildConfiguration;
			baseConfigurationReference = DAF39AEB67F0C2A229032BE6 /* Pods-Parstagram.debug.xcconfig */;
			buildSettings = {
				ASSETCATALOG_COMPILER_APPICON_NAME = AppIcon;
				CODE_SIGN_STYLE = Automatic;
				INFOPLIST_FILE = Parstagram/Info.plist;
				LD_RUNPATH_SEARCH_PATHS = (
					"$(inherited)",
					"@executable_path/Frameworks",
				);
				PRODUCT_BUNDLE_IDENTIFIER = com.cannguyen.Parstagram;
				PRODUCT_NAME = "$(TARGET_NAME)";
				SWIFT_VERSION = 5.0;
				TARGETED_DEVICE_FAMILY = "1,2";
			};
			name = Debug;
		};
		B7D7854023FCC85900438130 /* Release */ = {
			isa = XCBuildConfiguration;
			baseConfigurationReference = 9778B668D78715B1F40A292A /* Pods-Parstagram.release.xcconfig */;
			buildSettings = {
				ASSETCATALOG_COMPILER_APPICON_NAME = AppIcon;
				CODE_SIGN_STYLE = Automatic;
				INFOPLIST_FILE = Parstagram/Info.plist;
				LD_RUNPATH_SEARCH_PATHS = (
					"$(inherited)",
					"@executable_path/Frameworks",
				);
				PRODUCT_BUNDLE_IDENTIFIER = com.cannguyen.Parstagram;
				PRODUCT_NAME = "$(TARGET_NAME)";
				SWIFT_VERSION = 5.0;
				TARGETED_DEVICE_FAMILY = "1,2";
			};
			name = Release;
		};
		B7D7854223FCC85900438130 /* Debug */ = {
			isa = XCBuildConfiguration;
			baseConfigurationReference = B0A1E3CC9F830BD32D76102D /* Pods-ParstagramTests.debug.xcconfig */;
			buildSettings = {
				ALWAYS_EMBED_SWIFT_STANDARD_LIBRARIES = YES;
				BUNDLE_LOADER = "$(TEST_HOST)";
				CODE_SIGN_STYLE = Automatic;
				INFOPLIST_FILE = ParstagramTests/Info.plist;
				IPHONEOS_DEPLOYMENT_TARGET = 13.2;
				LD_RUNPATH_SEARCH_PATHS = (
					"$(inherited)",
					"@executable_path/Frameworks",
					"@loader_path/Frameworks",
				);
				PRODUCT_BUNDLE_IDENTIFIER = com.cannguyen.ParstagramTests;
				PRODUCT_NAME = "$(TARGET_NAME)";
				SWIFT_VERSION = 5.0;
				TARGETED_DEVICE_FAMILY = "1,2";
				TEST_HOST = "$(BUILT_PRODUCTS_DIR)/Parstagram.app/Parstagram";
			};
			name = Debug;
		};
		B7D7854323FCC85900438130 /* Release */ = {
			isa = XCBuildConfiguration;
			baseConfigurationReference = 99D1ABC6A312CFB1A22D0A21 /* Pods-ParstagramTests.release.xcconfig */;
			buildSettings = {
				ALWAYS_EMBED_SWIFT_STANDARD_LIBRARIES = YES;
				BUNDLE_LOADER = "$(TEST_HOST)";
				CODE_SIGN_STYLE = Automatic;
				INFOPLIST_FILE = ParstagramTests/Info.plist;
				IPHONEOS_DEPLOYMENT_TARGET = 13.2;
				LD_RUNPATH_SEARCH_PATHS = (
					"$(inherited)",
					"@executable_path/Frameworks",
					"@loader_path/Frameworks",
				);
				PRODUCT_BUNDLE_IDENTIFIER = com.cannguyen.ParstagramTests;
				PRODUCT_NAME = "$(TARGET_NAME)";
				SWIFT_VERSION = 5.0;
				TARGETED_DEVICE_FAMILY = "1,2";
				TEST_HOST = "$(BUILT_PRODUCTS_DIR)/Parstagram.app/Parstagram";
			};
			name = Release;
		};
		B7D7854523FCC85900438130 /* Debug */ = {
			isa = XCBuildConfiguration;
			baseConfigurationReference = 5289EF59B5A04B23C23C64EF /* Pods-Parstagram-ParstagramUITests.debug.xcconfig */;
			buildSettings = {
				ALWAYS_EMBED_SWIFT_STANDARD_LIBRARIES = YES;
				CODE_SIGN_STYLE = Automatic;
				INFOPLIST_FILE = ParstagramUITests/Info.plist;
				LD_RUNPATH_SEARCH_PATHS = (
					"$(inherited)",
					"@executable_path/Frameworks",
					"@loader_path/Frameworks",
				);
				PRODUCT_BUNDLE_IDENTIFIER = com.cannguyen.ParstagramUITests;
				PRODUCT_NAME = "$(TARGET_NAME)";
				SWIFT_VERSION = 5.0;
				TARGETED_DEVICE_FAMILY = "1,2";
				TEST_TARGET_NAME = Parstagram;
			};
			name = Debug;
		};
		B7D7854623FCC85900438130 /* Release */ = {
			isa = XCBuildConfiguration;
			baseConfigurationReference = 5BEFAA374846EA1AAC6B62A6 /* Pods-Parstagram-ParstagramUITests.release.xcconfig */;
			buildSettings = {
				ALWAYS_EMBED_SWIFT_STANDARD_LIBRARIES = YES;
				CODE_SIGN_STYLE = Automatic;
				INFOPLIST_FILE = ParstagramUITests/Info.plist;
				LD_RUNPATH_SEARCH_PATHS = (
					"$(inherited)",
					"@executable_path/Frameworks",
					"@loader_path/Frameworks",
				);
				PRODUCT_BUNDLE_IDENTIFIER = com.cannguyen.ParstagramUITests;
				PRODUCT_NAME = "$(TARGET_NAME)";
				SWIFT_VERSION = 5.0;
				TARGETED_DEVICE_FAMILY = "1,2";
				TEST_TARGET_NAME = Parstagram;
			};
			name = Release;
		};
/* End XCBuildConfiguration section */

/* Begin XCConfigurationList section */
		B7D7850F23FCC85700438130 /* Build configuration list for PBXProject "Parstagram" */ = {
			isa = XCConfigurationList;
			buildConfigurations = (
				B7D7853C23FCC85900438130 /* Debug */,
				B7D7853D23FCC85900438130 /* Release */,
			);
			defaultConfigurationIsVisible = 0;
			defaultConfigurationName = Release;
		};
		B7D7853E23FCC85900438130 /* Build configuration list for PBXNativeTarget "Parstagram" */ = {
			isa = XCConfigurationList;
			buildConfigurations = (
				B7D7853F23FCC85900438130 /* Debug */,
				B7D7854023FCC85900438130 /* Release */,
			);
			defaultConfigurationIsVisible = 0;
			defaultConfigurationName = Release;
		};
		B7D7854123FCC85900438130 /* Build configuration list for PBXNativeTarget "ParstagramTests" */ = {
			isa = XCConfigurationList;
			buildConfigurations = (
				B7D7854223FCC85900438130 /* Debug */,
				B7D7854323FCC85900438130 /* Release */,
			);
			defaultConfigurationIsVisible = 0;
			defaultConfigurationName = Release;
		};
		B7D7854423FCC85900438130 /* Build configuration list for PBXNativeTarget "ParstagramUITests" */ = {
			isa = XCConfigurationList;
			buildConfigurations = (
				B7D7854523FCC85900438130 /* Debug */,
				B7D7854623FCC85900438130 /* Release */,
			);
			defaultConfigurationIsVisible = 0;
			defaultConfigurationName = Release;
		};
/* End XCConfigurationList section */
	};
	rootObject = B7D7850C23FCC85700438130 /* Project object */;
}
